
Microsoft Visual Studio Solution File, Format Version 12.00
# Visual Studio Version 16
VisualStudioVersion = 16.0.29009.5
MinimumVisualStudioVersion = 10.0.40219.1
Project("{FAE04EC0-301F-11D3-BF4B-00C04F79EFBC}") = "my_first_project", "my_first_project\my_first_project.csproj", "{AE3C2574-10F8-40CC-8AD2-F2CE1D0F8F95}"
EndProject
Global
	GlobalSection(SolutionConfigurationPlatforms) = preSolution
		Debug|Any CPU = Debug|Any CPU
		Release|Any CPU = Release|Any CPU
	EndGlobalSection
	GlobalSection(ProjectConfigurationPlatforms) = postSolution
		{AE3C2574-10F8-40CC-8AD2-F2CE1D0F8F95}.Debug|Any CPU.ActiveCfg = Debug|Any CPU
		{AE3C2574-10F8-40CC-8AD2-F2CE1D0F8F95}.Debug|Any CPU.Build.0 = Debug|Any CPU
		{AE3C2574-10F8-40CC-8AD2-F2CE1D0F8F95}.Release|Any CPU.ActiveCfg = Release|Any CPU
		{AE3C2574-10F8-40CC-8AD2-F2CE1D0F8F95}.Release|Any CPU.Build.0 = Release|Any CPU
	EndGlobalSection
	GlobalSection(SolutionProperties) = preSolution
		HideSolutionNode = FALSE
	EndGlobalSection
	GlobalSection(ExtensibilityGlobals) = postSolution
		SolutionGuid = {5101CC37-4CDC-4BC7-B145-7DF8153585D2}
	EndGlobalSection
EndGlobal
